<?xml version="1.0" encoding="utf-8"?>
<Project ToolsVersion="4.0" xmlns="http://schemas.microsoft.com/developer/msbuild/2003">
  <ItemGroup>
    <ClCompile Include="..\src\App.cpp" />
    <ClCompile Include="..\src\main.cpp" />
    <ClCompile Include="..\src\input\InputManager.cpp">
      <Filter>input</Filter>
    </ClCompile>
    <ClCompile Include="..\src\input\PlayerController.cpp">
      <Filter>input</Filter>
    </ClCompile>
    <ClCompile Include="..\src\platform\sdl\SystemSDL2.cpp">
      <Filter>platform\sdl</Filter>
    </ClCompile>
    <ClCompile Include="..\src\utilities\win32\File_win32.cpp">
      <Filter>utilities\win32</Filter>
    </ClCompile>
    <ClCompile Include="..\src\Image_stb.cpp" />
    <ClCompile Include="..\src\input\KeyboardManager.cpp">
      <Filter>input</Filter>
    </ClCompile>
    <ClCompile Include="..\src\utilities\win32\Log_win32.cpp">
      <Filter>utilities\win32</Filter>
    </ClCompile>
    <ClCompile Include="..\src\rendering\renderers\MeshRenderer.cpp">
      <Filter>rendering\renderers</Filter>
    </ClCompile>
    <ClCompile Include="..\src\rendering\renderers\skybox\SkyRenderer.cpp">
      <Filter>rendering\renderers\skybox</Filter>
    </ClCompile>
    <ClCompile Include="..\src\rendering\renderers\chunkedterrain\ChunkedTerrainRenderer.cpp">
      <Filter>rendering\renderers\chunkedterrain</Filter>
    </ClCompile>
    <ClCompile Include="..\src\rendering\backend\impl\gl\GLContext.cpp">
      <Filter>rendering\backend\impl\gl</Filter>
    </ClCompile>
    <ClCompile Include="..\src\rendering\backend\impl\gl\GLDevice.cpp">
      <Filter>rendering\backend\impl\gl</Filter>
    </ClCompile>
    <ClCompile Include="..\src\rendering\Camera.cpp">
      <Filter>rendering</Filter>
    </ClCompile>
    <ClCompile Include="..\src\rendering\Frustum.cpp">
      <Filter>rendering</Filter>
    </ClCompile>
    <ClCompile Include="..\src\rendering\MeshCache.cpp">
      <Filter>rendering</Filter>
    </ClCompile>
    <ClCompile Include="..\src\rendering\MeshGeneration.cpp">
      <Filter>rendering</Filter>
    </ClCompile>
    <ClCompile Include="..\src\rendering\MeshImporter.cpp">
      <Filter>rendering</Filter>
    </ClCompile>
    <ClCompile Include="..\src\rendering\RenderEngine.cpp">
      <Filter>rendering</Filter>
    </ClCompile>
    <ClCompile Include="..\src\rendering\Renderer.cpp">
      <Filter>rendering</Filter>
    </ClCompile>
    <ClCompile Include="..\src\rendering\backend\impl\dx11\DX11Device.cpp">
      <Filter>rendering\backend\impl\dx11</Filter>
    </ClCompile>
    <ClCompile Include="..\src\rendering\backend\impl\dx11\DX11Context.cpp">
      <Filter>rendering\backend\impl\dx11</Filter>
    </ClCompile>
    <ClCompile Include="..\src\rendering\backend\impl\dx11\DX11Utils.cpp">
      <Filter>rendering\backend\impl\dx11</Filter>
    </ClCompile>
    <ClCompile Include="..\src\rendering\MaterialCache.cpp" />
    <ClCompile Include="..\src\rendering\backend\interface\DrawItemEncoder.cpp">
      <Filter>rendering\backend\interface</Filter>
    </ClCompile>
  </ItemGroup>
  <ItemGroup>
    <ClInclude Include="..\src\App.h" />
    <ClInclude Include="..\src\Application.h" />
    <ClInclude Include="..\src\BoundingBox.h" />
    <ClInclude Include="..\src\Helpers.h" />
    <ClInclude Include="..\src\input\Controller.h">
      <Filter>input</Filter>
    </ClInclude>
    <ClInclude Include="..\src\input\InputCodes.h">
      <Filter>input</Filter>
    </ClInclude>
    <ClInclude Include="..\src\input\InputContext.h">
      <Filter>input</Filter>
    </ClInclude>
    <ClInclude Include="..\src\input\InputManager.h">
      <Filter>input</Filter>
    </ClInclude>
    <ClInclude Include="..\src\input\PlayerController.h">
      <Filter>input</Filter>
    </ClInclude>
    <ClInclude Include="..\src\platform\Platform.h">
      <Filter>platform</Filter>
    </ClInclude>
    <ClInclude Include="..\src\platform\System.h">
      <Filter>platform</Filter>
    </ClInclude>
    <ClInclude Include="..\src\ext\stb_image.h">
      <Filter>ext</Filter>
    </ClInclude>
    <ClInclude Include="..\src\Image.h" />
    <ClInclude Include="..\src\input\KeyboardManager.h">
      <Filter>input</Filter>
    </ClInclude>
    <ClInclude Include="..\src\components\ChunkedTerrain.h">
      <Filter>components</Filter>
    </ClInclude>
    <ClInclude Include="..\src\components\Component.h">
      <Filter>components</Filter>
    </ClInclude>
    <ClInclude Include="..\src\components\ComponentType.h">
      <Filter>components</Filter>
    </ClInclude>
    <ClInclude Include="..\src\components\Spatial.h">
      <Filter>components</Filter>
    </ClInclude>
    <ClInclude Include="..\src\IdObj.h" />
    <ClInclude Include="..\src\SimObj.h" />
    <ClInclude Include="..\src\Simulation.h" />
    <ClInclude Include="..\src\ui\ScriptHandler.h">
      <Filter>ui</Filter>
    </ClInclude>
    <ClInclude Include="..\src\components\Skybox.h">
      <Filter>components</Filter>
    </ClInclude>
    <ClInclude Include="..\src\utilities\Callback.h">
      <Filter>utilities</Filter>
    </ClInclude>
    <ClInclude Include="..\src\utilities\Config.h">
      <Filter>utilities</Filter>
    </ClInclude>
    <ClInclude Include="..\src\utilities\ConsoleCommands.h">
      <Filter>utilities</Filter>
    </ClInclude>
    <ClInclude Include="..\src\utilities\File.h">
      <Filter>utilities</Filter>
    </ClInclude>
    <ClInclude Include="..\src\utilities\IniParser.h">
      <Filter>utilities</Filter>
    </ClInclude>
    <ClInclude Include="..\src\utilities\Log.h">
      <Filter>utilities</Filter>
    </ClInclude>
    <ClInclude Include="..\src\rendering\renderers\MeshRenderer.h">
      <Filter>rendering\renderers</Filter>
    </ClInclude>
    <ClInclude Include="..\src\rendering\renderers\ui\UIRenderer.h">
      <Filter>rendering\renderers\ui</Filter>
    </ClInclude>
    <ClInclude Include="..\src\rendering\renderers\text\TextRenderer.h">
      <Filter>rendering\renderers\text</Filter>
    </ClInclude>
    <ClInclude Include="..\src\rendering\renderers\skybox\SkyboxRenderObj.h">
      <Filter>rendering\renderers\skybox</Filter>
    </ClInclude>
    <ClInclude Include="..\src\rendering\renderers\skybox\SkyboxVertex.h">
      <Filter>rendering\renderers\skybox</Filter>
    </ClInclude>
    <ClInclude Include="..\src\rendering\renderers\skybox\SkyRenderer.h">
      <Filter>rendering\renderers\skybox</Filter>
    </ClInclude>
    <ClInclude Include="..\src\rendering\renderers\chunkedterrain\ChunkedTerrainNode.h">
      <Filter>rendering\renderers\chunkedterrain</Filter>
    </ClInclude>
    <ClInclude Include="..\src\rendering\renderers\chunkedterrain\ChunkedTerrainRenderer.h">
      <Filter>rendering\renderers\chunkedterrain</Filter>
    </ClInclude>
    <ClInclude Include="..\src\rendering\renderers\chunkedterrain\ChunkedTerrainRenderObj.h">
      <Filter>rendering\renderers\chunkedterrain</Filter>
    </ClInclude>
    <ClInclude Include="..\src\rendering\renderers\chunkedterrain\ChunkedTerrainVertex.h">
      <Filter>rendering\renderers\chunkedterrain</Filter>
    </ClInclude>
    <ClInclude Include="..\src\rendering\renderers\chunkedterrain\GPUTextureArrayBuffer.h">
      <Filter>rendering\renderers\chunkedterrain</Filter>
    </ClInclude>
    <ClInclude Include="..\src\rendering\renderers\chunkedterrain\GPUTile.h">
      <Filter>rendering\renderers\chunkedterrain</Filter>
    </ClInclude>
    <ClInclude Include="..\src\rendering\renderers\chunkedterrain\LRUTileCache.h">
      <Filter>rendering\renderers\chunkedterrain</Filter>
    </ClInclude>
    <ClInclude Include="..\src\rendering\renderers\chunkedterrain\Tile.h">
      <Filter>rendering\renderers\chunkedterrain</Filter>
    </ClInclude>
    <ClInclude Include="..\src\rendering\backend\interface\BlendState.h">
      <Filter>rendering\backend\interface</Filter>
    </ClInclude>
    <ClInclude Include="..\src\rendering\backend\interface\DepthState.h">
      <Filter>rendering\backend\interface</Filter>
    </ClInclude>
    <ClInclude Include="..\src\rendering\backend\interface\Frame.h">
      <Filter>rendering\backend\interface</Filter>
    </ClInclude>
    <ClInclude Include="..\src\rendering\backend\interface\PipelineStateDesc.h">
      <Filter>rendering\backend\interface</Filter>
    </ClInclude>
    <ClInclude Include="..\src\rendering\backend\interface\RasterState.h">
      <Filter>rendering\backend\interface</Filter>
    </ClInclude>
    <ClInclude Include="..\src\rendering\backend\interface\RenderDevice.h">
      <Filter>rendering\backend\interface</Filter>
    </ClInclude>
    <ClInclude Include="..\src\rendering\backend\interface\ResourceTypes.h">
      <Filter>rendering\backend\interface</Filter>
    </ClInclude>
    <ClInclude Include="..\src\rendering\backend\interface\VertexLayoutDesc.h">
      <Filter>rendering\backend\interface</Filter>
    </ClInclude>
    <ClInclude Include="..\src\rendering\backend\interface\enums\BlendFunc.h">
      <Filter>rendering\backend\interface\enums</Filter>
    </ClInclude>
    <ClInclude Include="..\src\rendering\backend\interface\enums\BlendMode.h">
      <Filter>rendering\backend\interface\enums</Filter>
    </ClInclude>
    <ClInclude Include="..\src\rendering\backend\interface\enums\BufferType.h">
      <Filter>rendering\backend\interface\enums</Filter>
    </ClInclude>
    <ClInclude Include="..\src\rendering\backend\interface\enums\BufferUsage.h">
      <Filter>rendering\backend\interface\enums</Filter>
    </ClInclude>
    <ClInclude Include="..\src\rendering\backend\interface\enums\CullMode.h">
      <Filter>rendering\backend\interface\enums</Filter>
    </ClInclude>
    <ClInclude Include="..\src\rendering\backend\interface\enums\DepthFunc.h">
      <Filter>rendering\backend\interface\enums</Filter>
    </ClInclude>
    <ClInclude Include="..\src\rendering\backend\interface\enums\DepthWriteMask.h">
      <Filter>rendering\backend\interface\enums</Filter>
    </ClInclude>
    <ClInclude Include="..\src\rendering\backend\interface\enums\FillMode.h">
      <Filter>rendering\backend\interface\enums</Filter>
    </ClInclude>
    <ClInclude Include="..\src\rendering\backend\interface\enums\ParamType.h">
      <Filter>rendering\backend\interface\enums</Filter>
    </ClInclude>
    <ClInclude Include="..\src\rendering\backend\interface\enums\PrimitiveType.h">
      <Filter>rendering\backend\interface\enums</Filter>
    </ClInclude>
    <ClInclude Include="..\src\rendering\backend\interface\enums\ShaderStage.h">
      <Filter>rendering\backend\interface\enums</Filter>
    </ClInclude>
    <ClInclude Include="..\src\rendering\backend\interface\enums\ShaderType.h">
      <Filter>rendering\backend\interface\enums</Filter>
    </ClInclude>
    <ClInclude Include="..\src\rendering\backend\interface\enums\TextureFormat.h">
      <Filter>rendering\backend\interface\enums</Filter>
    </ClInclude>
    <ClInclude Include="..\src\rendering\backend\interface\enums\TextureSlot.h">
      <Filter>rendering\backend\interface\enums</Filter>
    </ClInclude>
    <ClInclude Include="..\src\rendering\backend\interface\enums\WindingOrder.h">
      <Filter>rendering\backend\interface\enums</Filter>
    </ClInclude>
    <ClInclude Include="..\src\rendering\backend\impl\gl\GLContext.h">
      <Filter>rendering\backend\impl\gl</Filter>
    </ClInclude>
    <ClInclude Include="..\src\rendering\backend\impl\gl\GLDevice.h">
      <Filter>rendering\backend\impl\gl</Filter>
    </ClInclude>
    <ClInclude Include="..\src\rendering\backend\impl\gl\GLEnumAdapter.h">
      <Filter>rendering\backend\impl\gl</Filter>
    </ClInclude>
    <ClInclude Include="..\src\rendering\backend\impl\gl\GLResourceManager.h.h">
      <Filter>rendering\backend\impl\gl</Filter>
    </ClInclude>
    <ClInclude Include="..\src\rendering\backend\impl\gl\GLStructs.h">
      <Filter>rendering\backend\impl\gl</Filter>
    </ClInclude>
    <ClInclude Include="..\src\rendering\backend\impl\gl\GLTextureFormatDesc.h">
      <Filter>rendering\backend\impl\gl</Filter>
    </ClInclude>
    <ClInclude Include="..\src\rendering\Camera.h">
      <Filter>rendering</Filter>
    </ClInclude>
    <ClInclude Include="..\src\rendering\Frustum.h">
      <Filter>rendering</Filter>
    </ClInclude>
    <ClInclude Include="..\src\rendering\IndexedMeshData.h">
      <Filter>rendering</Filter>
    </ClInclude>
    <ClInclude Include="..\src\rendering\Mesh.h">
      <Filter>rendering</Filter>
    </ClInclude>
    <ClInclude Include="..\src\rendering\MeshCache.h">
      <Filter>rendering</Filter>
    </ClInclude>
    <ClInclude Include="..\src\rendering\MeshGeneration.h">
      <Filter>rendering</Filter>
    </ClInclude>
    <ClInclude Include="..\src\rendering\MeshImporter.h">
      <Filter>rendering</Filter>
    </ClInclude>
    <ClInclude Include="..\src\rendering\PipelineStateCache.h">
      <Filter>rendering</Filter>
    </ClInclude>
    <ClInclude Include="..\src\rendering\RenderEngine.h">
      <Filter>rendering</Filter>
    </ClInclude>
    <ClInclude Include="..\src\rendering\Renderer.h">
      <Filter>rendering</Filter>
    </ClInclude>
    <ClInclude Include="..\src\rendering\RendererType.h">
      <Filter>rendering</Filter>
    </ClInclude>
    <ClInclude Include="..\src\rendering\RenderObj.h">
      <Filter>rendering</Filter>
    </ClInclude>
    <ClInclude Include="..\src\rendering\RenderQueue.h">
      <Filter>rendering</Filter>
    </ClInclude>
    <ClInclude Include="..\src\rendering\RenderServiceLocator.h">
      <Filter>rendering</Filter>
    </ClInclude>
    <ClInclude Include="..\src\rendering\RenderView.h">
      <Filter>rendering</Filter>
    </ClInclude>
    <ClInclude Include="..\src\rendering\ShaderCache.h">
      <Filter>rendering</Filter>
    </ClInclude>
    <ClInclude Include="..\src\rendering\VertexLayoutCache.h">
      <Filter>rendering</Filter>
    </ClInclude>
    <ClInclude Include="..\src\rendering\Viewport.h">
      <Filter>rendering</Filter>
    </ClInclude>
    <ClInclude Include="..\src\rendering\backend\impl\dx11\DX11Device.h">
      <Filter>rendering\backend\impl\dx11</Filter>
    </ClInclude>
    <ClInclude Include="..\src\rendering\backend\impl\dx11\DX11Utils.h">
      <Filter>rendering\backend\impl\dx11</Filter>
    </ClInclude>
    <ClInclude Include="..\src\rendering\backend\impl\dx11\DX11Structs.h">
      <Filter>rendering\backend\impl\dx11</Filter>
    </ClInclude>
    <ClInclude Include="..\src\rendering\backend\impl\dx11\DX11Context.h">
      <Filter>rendering\backend\impl\dx11</Filter>
    </ClInclude>
    <ClInclude Include="..\src\rendering\backend\impl\dx11\DX11ContextState.h">
      <Filter>rendering\backend\impl\dx11</Filter>
    </ClInclude>
    <ClInclude Include="..\src\rendering\backend\impl\dx11\DX11CBufferHelper.h">
      <Filter>rendering\backend\impl\dx11</Filter>
    </ClInclude>
    <ClInclude Include="..\src\Memory.h" />
    <ClInclude Include="..\src\rendering\backend\impl\Pool.h" />
    <ClInclude Include="..\src\rendering\backend\interface\Binding.h" />
    <ClInclude Include="..\src\rendering\Material.h" />
    <ClInclude Include="..\src\rendering\MaterialCache.h" />
    <ClInclude Include="..\src\rendering\MaterialData.h" />
    <ClInclude Include="..\src\rendering\MaterialImporter.h" />
    <ClInclude Include="..\src\rendering\backend\interface\CommandBuffer.h">
      <Filter>rendering\backend\interface</Filter>
    </ClInclude>
    <ClInclude Include="..\src\rendering\backend\interface\GLCommandBuffer.h">
      <Filter>rendering\backend\impl\gl</Filter>
    </ClInclude>
    <ClInclude Include="..\src\rendering\backend\interface\VertexStream.h">
      <Filter>rendering\backend\interface</Filter>
    </ClInclude>
    <ClInclude Include="..\src\rendering\backend\interface\DrawItemEncoder.h">
      <Filter>rendering\backend\interface</Filter>
    </ClInclude>
    <ClInclude Include="..\src\rendering\backend\interface\DrawItemDesc.h">
      <Filter>rendering\backend\interface</Filter>
    </ClInclude>
    <ClInclude Include="..\src\rendering\backend\interface\DrawItemDecoder.h">
      <Filter>rendering\backend\interface</Filter>
    </ClInclude>
    <ClInclude Include="..\src\rendering\backend\interface\DrawItem.h">
      <Filter>rendering\backend\interface</Filter>
    </ClInclude>
    <ClInclude Include="..\src\rendering\backend\interface\DrawCall.h">
      <Filter>rendering\backend\interface</Filter>
    </ClInclude>
  </ItemGroup>
  <ItemGroup>
    <Filter Include="input">
      <UniqueIdentifier>{2f8e2753-a0c7-4416-9838-0dffe9b8c654}</UniqueIdentifier>
    </Filter>
    <Filter Include="platform">
      <UniqueIdentifier>{396d706c-67a6-4768-8a2c-2173bed8cdb5}</UniqueIdentifier>
    </Filter>
    <Filter Include="rendering">
      <UniqueIdentifier>{cce84c1f-965a-4666-ba91-a0518441f020}</UniqueIdentifier>
    </Filter>
    <Filter Include="utilities">
      <UniqueIdentifier>{b28f2dbc-e622-456f-a5ac-f7f812d83a04}</UniqueIdentifier>
    </Filter>
    <Filter Include="utilities\win32">
      <UniqueIdentifier>{55d80882-680f-4643-9e91-04ac0d136bf2}</UniqueIdentifier>
    </Filter>
    <Filter Include="platform\sdl">
      <UniqueIdentifier>{605005e4-ac5c-4104-b727-92d47514a057}</UniqueIdentifier>
    </Filter>
    <Filter Include="ui">
      <UniqueIdentifier>{ca62908e-eb5e-46e8-812b-db5d719e2767}</UniqueIdentifier>
    </Filter>
    <Filter Include="ext">
      <UniqueIdentifier>{68a0873f-f450-419b-8945-7f38cb3126c6}</UniqueIdentifier>
    </Filter>
    <Filter Include="components">
      <UniqueIdentifier>{a666a856-e0ab-4c49-afc7-cb6f2b9d00bb}</UniqueIdentifier>
    </Filter>
    <Filter Include="rendering\renderers">
      <UniqueIdentifier>{4bbb0380-f1b3-4b4a-86c0-c4b482ebdfcd}</UniqueIdentifier>
    </Filter>
    <Filter Include="rendering\renderers\chunkedterrain">
      <UniqueIdentifier>{7fa8b9dc-f4b7-4a75-9359-b9129cfb4d07}</UniqueIdentifier>
    </Filter>
    <Filter Include="rendering\renderers\skybox">
      <UniqueIdentifier>{ff624c28-8204-4eda-a11d-70dcf73c710c}</UniqueIdentifier>
    </Filter>
    <Filter Include="rendering\renderers\text">
      <UniqueIdentifier>{f598b144-c777-49d3-993b-6b2b6206911f}</UniqueIdentifier>
    </Filter>
    <Filter Include="rendering\renderers\ui">
      <UniqueIdentifier>{4f399c99-7248-4827-8eaa-6c7991657bc8}</UniqueIdentifier>
    </Filter>
    <Filter Include="rendering\backend">
      <UniqueIdentifier>{641ac60d-1770-4185-9b8d-f3c991ebf5eb}</UniqueIdentifier>
    </Filter>
    <Filter Include="rendering\backend\impl">
      <UniqueIdentifier>{8f10047c-b894-4c7f-ab16-4f2bbea1aea3}</UniqueIdentifier>
    </Filter>
    <Filter Include="rendering\backend\impl\gl">
      <UniqueIdentifier>{fd6b6b35-99f7-494a-bbb5-b3e6794ed1dd}</UniqueIdentifier>
    </Filter>
    <Filter Include="rendering\backend\interface">
      <UniqueIdentifier>{aa386732-aa3c-4f8f-9f69-89ecfd0ef8c1}</UniqueIdentifier>
    </Filter>
    <Filter Include="rendering\backend\interface\enums">
      <UniqueIdentifier>{15fe9067-af9c-457a-9f2e-63d525e64596}</UniqueIdentifier>
    </Filter>
    <Filter Include="rendering\backend\impl\dx11">
      <UniqueIdentifier>{ef58647d-e591-415d-9412-7058c39dc98f}</UniqueIdentifier>
    </Filter>
  </ItemGroup>
</Project>