
Microsoft Visual Studio Solution File, Format Version 12.00
# Visual Studio 14
VisualStudioVersion = 14.0.25123.0
MinimumVisualStudioVersion = 10.0.40219.1
Project("{8BC9CEB8-8B4A-11D0-8D11-00A0C91BC942}") = "planet-uwp", "planet-uwp.vcxproj", "{3D0D690B-3EC9-4D46-9710-1B9AA8F07C85}"
	ProjectSection(ProjectDependencies) = postProject
		{B1907C53-95E8-41D3-881A-C79524721E5A} = {B1907C53-95E8-41D3-881A-C79524721E5A}
		{683E8D87-1499-4AED-9134-B20DB945501B} = {683E8D87-1499-4AED-9134-B20DB945501B}
		{810D51E5-B3C9-4F08-977A-188487C7A248} = {810D51E5-B3C9-4F08-977A-188487C7A248}
	EndProjectSection
EndProject
Project("{2150E333-8FDC-42A3-9474-1A3956D46DE8}") = "externalProjects", "externalProjects", "{5AEC466E-4846-4439-8A6A-BB133107B078}"
EndProject
Project("{8BC9CEB8-8B4A-11D0-8D11-00A0C91BC942}") = "freetype-build", "freetype-build\freetype-build.vcxproj", "{810D51E5-B3C9-4F08-977A-188487C7A248}"
EndProject
Project("{8BC9CEB8-8B4A-11D0-8D11-00A0C91BC942}") = "libnoise-build", "libnoise-build\libnoise-build.vcxproj", "{683E8D87-1499-4AED-9134-B20DB945501B}"
EndProject
Project("{8BC9CEB8-8B4A-11D0-8D11-00A0C91BC942}") = "xxhash-build", "xxhash-build\xxhash-build.vcxproj", "{B1907C53-95E8-41D3-881A-C79524721E5A}"
EndProject
Global
	GlobalSection(SolutionConfigurationPlatforms) = preSolution
		Debug|ARM = Debug|ARM
		Debug|x64 = Debug|x64
		Debug|x86 = Debug|x86
		Release|ARM = Release|ARM
		Release|x64 = Release|x64
		Release|x86 = Release|x86
	EndGlobalSection
	GlobalSection(ProjectConfigurationPlatforms) = postSolution
		{3D0D690B-3EC9-4D46-9710-1B9AA8F07C85}.Debug|ARM.ActiveCfg = Release|Win32
		{3D0D690B-3EC9-4D46-9710-1B9AA8F07C85}.Debug|ARM.Build.0 = Release|Win32
		{3D0D690B-3EC9-4D46-9710-1B9AA8F07C85}.Debug|ARM.Deploy.0 = Release|Win32
		{3D0D690B-3EC9-4D46-9710-1B9AA8F07C85}.Debug|x64.ActiveCfg = Debug|x64
		{3D0D690B-3EC9-4D46-9710-1B9AA8F07C85}.Debug|x64.Build.0 = Debug|x64
		{3D0D690B-3EC9-4D46-9710-1B9AA8F07C85}.Debug|x64.Deploy.0 = Debug|x64
		{3D0D690B-3EC9-4D46-9710-1B9AA8F07C85}.Debug|x86.ActiveCfg = Release|Win32
		{3D0D690B-3EC9-4D46-9710-1B9AA8F07C85}.Debug|x86.Build.0 = Release|Win32
		{3D0D690B-3EC9-4D46-9710-1B9AA8F07C85}.Debug|x86.Deploy.0 = Release|Win32
		{3D0D690B-3EC9-4D46-9710-1B9AA8F07C85}.Release|ARM.ActiveCfg = Release|Win32
		{3D0D690B-3EC9-4D46-9710-1B9AA8F07C85}.Release|ARM.Build.0 = Release|Win32
		{3D0D690B-3EC9-4D46-9710-1B9AA8F07C85}.Release|ARM.Deploy.0 = Release|Win32
		{3D0D690B-3EC9-4D46-9710-1B9AA8F07C85}.Release|x64.ActiveCfg = Release|x64
		{3D0D690B-3EC9-4D46-9710-1B9AA8F07C85}.Release|x64.Build.0 = Release|x64
		{3D0D690B-3EC9-4D46-9710-1B9AA8F07C85}.Release|x64.Deploy.0 = Release|x64
		{3D0D690B-3EC9-4D46-9710-1B9AA8F07C85}.Release|x86.ActiveCfg = Release|Win32
		{3D0D690B-3EC9-4D46-9710-1B9AA8F07C85}.Release|x86.Build.0 = Release|Win32
		{3D0D690B-3EC9-4D46-9710-1B9AA8F07C85}.Release|x86.Deploy.0 = Release|Win32
		{810D51E5-B3C9-4F08-977A-188487C7A248}.Debug|ARM.ActiveCfg = Release|Win32
		{810D51E5-B3C9-4F08-977A-188487C7A248}.Debug|x64.ActiveCfg = Release|x64
		{810D51E5-B3C9-4F08-977A-188487C7A248}.Debug|x86.ActiveCfg = Release|Win32
		{810D51E5-B3C9-4F08-977A-188487C7A248}.Release|ARM.ActiveCfg = Release|Win32
		{810D51E5-B3C9-4F08-977A-188487C7A248}.Release|x64.ActiveCfg = Release|x64
		{810D51E5-B3C9-4F08-977A-188487C7A248}.Release|x86.ActiveCfg = Release|Win32
		{683E8D87-1499-4AED-9134-B20DB945501B}.Debug|ARM.ActiveCfg = Release|Win32
		{683E8D87-1499-4AED-9134-B20DB945501B}.Debug|x64.ActiveCfg = Release|x64
		{683E8D87-1499-4AED-9134-B20DB945501B}.Debug|x86.ActiveCfg = Release|Win32
		{683E8D87-1499-4AED-9134-B20DB945501B}.Release|ARM.ActiveCfg = Release|Win32
		{683E8D87-1499-4AED-9134-B20DB945501B}.Release|x64.ActiveCfg = Release|x64
		{683E8D87-1499-4AED-9134-B20DB945501B}.Release|x86.ActiveCfg = Release|Win32
		{B1907C53-95E8-41D3-881A-C79524721E5A}.Debug|ARM.ActiveCfg = Release|Win32
		{B1907C53-95E8-41D3-881A-C79524721E5A}.Debug|x64.ActiveCfg = Release|x64
		{B1907C53-95E8-41D3-881A-C79524721E5A}.Debug|x86.ActiveCfg = Release|Win32
		{B1907C53-95E8-41D3-881A-C79524721E5A}.Release|ARM.ActiveCfg = Release|Win32
		{B1907C53-95E8-41D3-881A-C79524721E5A}.Release|x64.ActiveCfg = Release|x64
		{B1907C53-95E8-41D3-881A-C79524721E5A}.Release|x86.ActiveCfg = Release|Win32
	EndGlobalSection
	GlobalSection(SolutionProperties) = preSolution
		HideSolutionNode = FALSE
	EndGlobalSection
	GlobalSection(NestedProjects) = preSolution
		{810D51E5-B3C9-4F08-977A-188487C7A248} = {5AEC466E-4846-4439-8A6A-BB133107B078}
		{683E8D87-1499-4AED-9134-B20DB945501B} = {5AEC466E-4846-4439-8A6A-BB133107B078}
		{B1907C53-95E8-41D3-881A-C79524721E5A} = {5AEC466E-4846-4439-8A6A-BB133107B078}
	EndGlobalSection
EndGlobal
