<?xml version="1.0" encoding="utf-8"?>
<Project ToolsVersion="14.0" xmlns="http://schemas.microsoft.com/developer/msbuild/2003">
  <ItemGroup>
    <Filter Include="Assets">
      <UniqueIdentifier>369a73e1-4c33-4fe9-bc1d-c2a32e15f99a</UniqueIdentifier>
      <Extensions>bmp;fbx;gif;jpg;jpeg;tga;tiff;tif;png</Extensions>
    </Filter>
    <Filter Include="ext">
      <UniqueIdentifier>{d46ec95a-6160-401b-911a-15c34a81b7e4}</UniqueIdentifier>
    </Filter>
    <Filter Include="input">
      <UniqueIdentifier>{634a8d44-cf09-4175-b254-8ad7cde662b6}</UniqueIdentifier>
    </Filter>
    <Filter Include="platform">
      <UniqueIdentifier>{db21a81a-dbe9-48e7-9e4c-3bb929190414}</UniqueIdentifier>
    </Filter>
    <Filter Include="platform\uwp">
      <UniqueIdentifier>{835a82e1-68fa-4d45-b6aa-7dc1a2141716}</UniqueIdentifier>
    </Filter>
    <Filter Include="rendering">
      <UniqueIdentifier>{33dee420-71ad-48ca-bcda-48be422976e6}</UniqueIdentifier>
    </Filter>
    <Filter Include="rendering\shaders">
      <UniqueIdentifier>{dd0d220e-9e84-463a-bb73-26f7b391168f}</UniqueIdentifier>
    </Filter>
    <Filter Include="rendering\shaders\DX11">
      <UniqueIdentifier>{a01971cc-f337-41b1-a4de-338f77f6f8dd}</UniqueIdentifier>
    </Filter>
    <Filter Include="rendering\backend">
      <UniqueIdentifier>{2a2fdcf6-a924-4df4-85d0-aac66b66f907}</UniqueIdentifier>
    </Filter>
    <Filter Include="ui">
      <UniqueIdentifier>{19bd6d1b-910f-4298-86d3-1eabbfac4c37}</UniqueIdentifier>
    </Filter>
    <Filter Include="utilities">
      <UniqueIdentifier>{6e76f212-825e-4d4e-8a0e-400fd6a13442}</UniqueIdentifier>
    </Filter>
    <Filter Include="utilities\uwp">
      <UniqueIdentifier>{ead96b89-00ed-40ed-9f03-0ac20bd105ec}</UniqueIdentifier>
    </Filter>
    <Filter Include="rendering\renderers">
      <UniqueIdentifier>{29a46913-5ac6-4436-a908-e2d89801c380}</UniqueIdentifier>
    </Filter>
    <Filter Include="rendering\renderers\chunkedterrain">
      <UniqueIdentifier>{87674a55-7e12-47bc-9a9e-3f1e3fd57bfa}</UniqueIdentifier>
    </Filter>
    <Filter Include="components">
      <UniqueIdentifier>{34539ef6-76e0-4c04-a929-b8a90deedd99}</UniqueIdentifier>
    </Filter>
    <Filter Include="rendering\backend\impl">
      <UniqueIdentifier>{d313775b-0c57-4a42-bf28-e55dca288b2f}</UniqueIdentifier>
    </Filter>
    <Filter Include="rendering\backend\interface">
      <UniqueIdentifier>{324a0964-549d-4c40-b36f-628d1ed33234}</UniqueIdentifier>
    </Filter>
    <Filter Include="rendering\backend\interface\tasks">
      <UniqueIdentifier>{d41d30cf-7413-4985-a851-d357c31ce88e}</UniqueIdentifier>
    </Filter>
    <Filter Include="rendering\backend\interface\enums">
      <UniqueIdentifier>{ddae3f86-16a0-4b4f-82e4-c8e3666630f1}</UniqueIdentifier>
    </Filter>
    <Filter Include="rendering\backend\impl\dx11">
      <UniqueIdentifier>{c0810943-c018-4a4f-9f94-700d0658e61f}</UniqueIdentifier>
    </Filter>
    <Filter Include="rendering\renderers\skybox">
      <UniqueIdentifier>{388cc585-8139-4e18-8e03-dbe4de2f38bb}</UniqueIdentifier>
    </Filter>
    <Filter Include="rendering\renderers\text">
      <UniqueIdentifier>{a12a08a8-fc28-4492-a33e-d538111fd8b6}</UniqueIdentifier>
    </Filter>
    <Filter Include="rendering\renderers\ui">
      <UniqueIdentifier>{34a1e06e-df9c-41c7-aa14-855414fcb845}</UniqueIdentifier>
    </Filter>
  </ItemGroup>
  <ItemGroup>
    <ClCompile Include="..\src\input\InputManager.cpp">
      <Filter>input</Filter>
    </ClCompile>
    <ClCompile Include="..\src\input\KeyboardManager.cpp">
      <Filter>input</Filter>
    </ClCompile>
    <ClCompile Include="..\src\input\PlayerController.cpp">
      <Filter>input</Filter>
    </ClCompile>
    <ClCompile Include="..\src\utilities\uwp\Log_uwp.cpp">
      <Filter>utilities\uwp</Filter>
    </ClCompile>
    <ClCompile Include="..\src\utilities\uwp\File_uwp.cpp">
      <Filter>utilities\uwp</Filter>
    </ClCompile>
    <ClCompile Include="..\src\platform\uwp\PlatformUWP.cpp">
      <Filter>platform\uwp</Filter>
    </ClCompile>
    <ClCompile Include="..\src\platform\uwp\InputUWP.cpp">
      <Filter>platform\uwp</Filter>
    </ClCompile>
    <ClCompile Include="..\src\rendering\Camera.cpp">
      <Filter>rendering</Filter>
    </ClCompile>
    <ClCompile Include="..\src\rendering\Frustum.cpp">
      <Filter>rendering</Filter>
    </ClCompile>
    <ClCompile Include="..\src\rendering\MeshCache.cpp">
      <Filter>rendering</Filter>
    </ClCompile>
    <ClCompile Include="..\src\rendering\MeshGeneration.cpp">
      <Filter>rendering</Filter>
    </ClCompile>
    <ClCompile Include="..\src\rendering\MeshImporter.cpp">
      <Filter>rendering</Filter>
    </ClCompile>
    <ClCompile Include="..\src\rendering\RenderEngine.cpp">
      <Filter>rendering</Filter>
    </ClCompile>
    <ClCompile Include="..\src\rendering\Renderer.cpp">
      <Filter>rendering</Filter>
    </ClCompile>
    <ClCompile Include="..\src\rendering\backend\impl\dx11\DX11Context.cpp">
      <Filter>rendering\backend\impl\dx11</Filter>
    </ClCompile>
    <ClCompile Include="..\src\rendering\backend\impl\dx11\DX11Device.cpp">
      <Filter>rendering\backend\impl\dx11</Filter>
    </ClCompile>
    <ClCompile Include="..\src\rendering\backend\impl\dx11\DX11Utils.cpp">
      <Filter>rendering\backend\impl\dx11</Filter>
    </ClCompile>
    <ClCompile Include="..\src\rendering\renderers\MeshRenderer.cpp">
      <Filter>rendering\renderers</Filter>
    </ClCompile>
    <ClCompile Include="..\src\rendering\renderers\skybox\SkyRenderer.cpp">
      <Filter>rendering\renderers\skybox</Filter>
    </ClCompile>
    <ClCompile Include="..\src\rendering\renderers\chunkedterrain\ChunkedTerrainRenderer.cpp">
      <Filter>rendering\renderers\chunkedterrain</Filter>
    </ClCompile>
    <ClCompile Include="..\src\App.cpp" />
    <ClCompile Include="..\src\Image_stb.cpp" />
    <ClCompile Include="..\src\main.cpp" />
  </ItemGroup>
  <ItemGroup>
    <ClInclude Include="..\src\ext\stb_image.h">
      <Filter>ext</Filter>
    </ClInclude>
    <ClInclude Include="..\src\input\Controller.h">
      <Filter>input</Filter>
    </ClInclude>
    <ClInclude Include="..\src\input\InputCodes.h">
      <Filter>input</Filter>
    </ClInclude>
    <ClInclude Include="..\src\input\InputContext.h">
      <Filter>input</Filter>
    </ClInclude>
    <ClInclude Include="..\src\input\InputManager.h">
      <Filter>input</Filter>
    </ClInclude>
    <ClInclude Include="..\src\input\KeyboardManager.h">
      <Filter>input</Filter>
    </ClInclude>
    <ClInclude Include="..\src\input\PlayerController.h">
      <Filter>input</Filter>
    </ClInclude>
    <ClInclude Include="..\src\platform\Platform.h">
      <Filter>platform</Filter>
    </ClInclude>
    <ClInclude Include="..\src\platform\System.h">
      <Filter>platform</Filter>
    </ClInclude>
    <ClInclude Include="..\src\components\ChunkedTerrain.h">
      <Filter>components</Filter>
    </ClInclude>
    <ClInclude Include="..\src\components\Component.h">
      <Filter>components</Filter>
    </ClInclude>
    <ClInclude Include="..\src\components\ComponentType.h">
      <Filter>components</Filter>
    </ClInclude>
    <ClInclude Include="..\src\components\Spatial.h">
      <Filter>components</Filter>
    </ClInclude>
    <ClInclude Include="..\src\platform\uwp\PlatformUWP.h">
      <Filter>platform\uwp</Filter>
    </ClInclude>
    <ClInclude Include="..\src\platform\uwp\InputUWP.h">
      <Filter>platform\uwp</Filter>
    </ClInclude>
    <ClInclude Include="..\src\components\Skybox.h">
      <Filter>components</Filter>
    </ClInclude>
    <ClInclude Include="..\src\rendering\Camera.h">
      <Filter>rendering</Filter>
    </ClInclude>
    <ClInclude Include="..\src\rendering\Frustum.h">
      <Filter>rendering</Filter>
    </ClInclude>
    <ClInclude Include="..\src\rendering\IndexedMeshData.h">
      <Filter>rendering</Filter>
    </ClInclude>
    <ClInclude Include="..\src\rendering\Mesh.h">
      <Filter>rendering</Filter>
    </ClInclude>
    <ClInclude Include="..\src\rendering\MeshCache.h">
      <Filter>rendering</Filter>
    </ClInclude>
    <ClInclude Include="..\src\rendering\MeshGeneration.h">
      <Filter>rendering</Filter>
    </ClInclude>
    <ClInclude Include="..\src\rendering\MeshImporter.h">
      <Filter>rendering</Filter>
    </ClInclude>
    <ClInclude Include="..\src\rendering\PipelineStateCache.h">
      <Filter>rendering</Filter>
    </ClInclude>
    <ClInclude Include="..\src\rendering\RenderEngine.h">
      <Filter>rendering</Filter>
    </ClInclude>
    <ClInclude Include="..\src\rendering\Renderer.h">
      <Filter>rendering</Filter>
    </ClInclude>
    <ClInclude Include="..\src\rendering\RendererType.h">
      <Filter>rendering</Filter>
    </ClInclude>
    <ClInclude Include="..\src\rendering\RenderObj.h">
      <Filter>rendering</Filter>
    </ClInclude>
    <ClInclude Include="..\src\rendering\RenderQueue.h">
      <Filter>rendering</Filter>
    </ClInclude>
    <ClInclude Include="..\src\rendering\RenderServiceLocator.h">
      <Filter>rendering</Filter>
    </ClInclude>
    <ClInclude Include="..\src\rendering\RenderView.h">
      <Filter>rendering</Filter>
    </ClInclude>
    <ClInclude Include="..\src\rendering\ShaderCache.h">
      <Filter>rendering</Filter>
    </ClInclude>
    <ClInclude Include="..\src\rendering\VertexLayoutCache.h">
      <Filter>rendering</Filter>
    </ClInclude>
    <ClInclude Include="..\src\rendering\Viewport.h">
      <Filter>rendering</Filter>
    </ClInclude>
    <ClInclude Include="..\src\rendering\backend\interface\BlendState.h">
      <Filter>rendering\backend\interface</Filter>
    </ClInclude>
    <ClInclude Include="..\src\rendering\backend\interface\DepthState.h">
      <Filter>rendering\backend\interface</Filter>
    </ClInclude>
    <ClInclude Include="..\src\rendering\backend\interface\Frame.h">
      <Filter>rendering\backend\interface</Filter>
    </ClInclude>
    <ClInclude Include="..\src\rendering\backend\interface\PipelineStateDesc.h">
      <Filter>rendering\backend\interface</Filter>
    </ClInclude>
    <ClInclude Include="..\src\rendering\backend\interface\RasterState.h">
      <Filter>rendering\backend\interface</Filter>
    </ClInclude>
    <ClInclude Include="..\src\rendering\backend\interface\RenderDevice.h">
      <Filter>rendering\backend\interface</Filter>
    </ClInclude>
    <ClInclude Include="..\src\rendering\backend\interface\ResourceTypes.h">
      <Filter>rendering\backend\interface</Filter>
    </ClInclude>
    <ClInclude Include="..\src\rendering\backend\interface\VertexLayoutDesc.h">
      <Filter>rendering\backend\interface</Filter>
    </ClInclude>
    <ClInclude Include="..\src\rendering\backend\interface\tasks\BufferUpdate.h">
      <Filter>rendering\backend\interface\tasks</Filter>
    </ClInclude>
    <ClInclude Include="..\src\rendering\backend\interface\tasks\DrawTask.h">
      <Filter>rendering\backend\interface\tasks</Filter>
    </ClInclude>
    <ClInclude Include="..\src\rendering\backend\interface\tasks\ShaderParamUpdate.h">
      <Filter>rendering\backend\interface\tasks</Filter>
    </ClInclude>
    <ClInclude Include="..\src\rendering\backend\interface\tasks\TextureBind.h">
      <Filter>rendering\backend\interface\tasks</Filter>
    </ClInclude>
    <ClInclude Include="..\src\rendering\backend\interface\tasks\TextureUpdate.h">
      <Filter>rendering\backend\interface\tasks</Filter>
    </ClInclude>
    <ClInclude Include="..\src\rendering\backend\interface\enums\BlendFunc.h">
      <Filter>rendering\backend\interface\enums</Filter>
    </ClInclude>
    <ClInclude Include="..\src\rendering\backend\interface\enums\BlendMode.h">
      <Filter>rendering\backend\interface\enums</Filter>
    </ClInclude>
    <ClInclude Include="..\src\rendering\backend\interface\enums\BufferType.h">
      <Filter>rendering\backend\interface\enums</Filter>
    </ClInclude>
    <ClInclude Include="..\src\rendering\backend\interface\enums\BufferUsage.h">
      <Filter>rendering\backend\interface\enums</Filter>
    </ClInclude>
    <ClInclude Include="..\src\rendering\backend\interface\enums\CullMode.h">
      <Filter>rendering\backend\interface\enums</Filter>
    </ClInclude>
    <ClInclude Include="..\src\rendering\backend\interface\enums\DepthFunc.h">
      <Filter>rendering\backend\interface\enums</Filter>
    </ClInclude>
    <ClInclude Include="..\src\rendering\backend\interface\enums\DepthWriteMask.h">
      <Filter>rendering\backend\interface\enums</Filter>
    </ClInclude>
    <ClInclude Include="..\src\rendering\backend\interface\enums\FillMode.h">
      <Filter>rendering\backend\interface\enums</Filter>
    </ClInclude>
    <ClInclude Include="..\src\rendering\backend\interface\enums\ParamType.h">
      <Filter>rendering\backend\interface\enums</Filter>
    </ClInclude>
    <ClInclude Include="..\src\rendering\backend\interface\enums\PrimitiveType.h">
      <Filter>rendering\backend\interface\enums</Filter>
    </ClInclude>
    <ClInclude Include="..\src\rendering\backend\interface\enums\ShaderStage.h">
      <Filter>rendering\backend\interface\enums</Filter>
    </ClInclude>
    <ClInclude Include="..\src\rendering\backend\interface\enums\ShaderType.h">
      <Filter>rendering\backend\interface\enums</Filter>
    </ClInclude>
    <ClInclude Include="..\src\rendering\backend\interface\enums\TextureFormat.h">
      <Filter>rendering\backend\interface\enums</Filter>
    </ClInclude>
    <ClInclude Include="..\src\rendering\backend\interface\enums\TextureSlot.h">
      <Filter>rendering\backend\interface\enums</Filter>
    </ClInclude>
    <ClInclude Include="..\src\rendering\backend\interface\enums\WindingOrder.h">
      <Filter>rendering\backend\interface\enums</Filter>
    </ClInclude>
    <ClInclude Include="..\src\rendering\backend\impl\dx11\DX11CBufferHelper.h">
      <Filter>rendering\backend\impl\dx11</Filter>
    </ClInclude>
    <ClInclude Include="..\src\rendering\backend\impl\dx11\DX11Context.h">
      <Filter>rendering\backend\impl\dx11</Filter>
    </ClInclude>
    <ClInclude Include="..\src\rendering\backend\impl\dx11\DX11ContextState.h">
      <Filter>rendering\backend\impl\dx11</Filter>
    </ClInclude>
    <ClInclude Include="..\src\rendering\backend\impl\dx11\DX11Device.h">
      <Filter>rendering\backend\impl\dx11</Filter>
    </ClInclude>
    <ClInclude Include="..\src\rendering\backend\impl\dx11\DX11Structs.h">
      <Filter>rendering\backend\impl\dx11</Filter>
    </ClInclude>
    <ClInclude Include="..\src\rendering\backend\impl\dx11\DX11Utils.h">
      <Filter>rendering\backend\impl\dx11</Filter>
    </ClInclude>
    <ClInclude Include="..\src\rendering\renderers\MeshRenderer.h">
      <Filter>rendering\renderers</Filter>
    </ClInclude>
    <ClInclude Include="..\src\rendering\renderers\ui\UIRenderer.h">
      <Filter>rendering\renderers\ui</Filter>
    </ClInclude>
    <ClInclude Include="..\src\rendering\renderers\text\TextRenderer.h">
      <Filter>rendering\renderers\text</Filter>
    </ClInclude>
    <ClInclude Include="..\src\rendering\renderers\skybox\SkyboxRenderObj.h">
      <Filter>rendering\renderers\skybox</Filter>
    </ClInclude>
    <ClInclude Include="..\src\rendering\renderers\skybox\SkyboxVertex.h">
      <Filter>rendering\renderers\skybox</Filter>
    </ClInclude>
    <ClInclude Include="..\src\rendering\renderers\skybox\SkyRenderer.h">
      <Filter>rendering\renderers\skybox</Filter>
    </ClInclude>
    <ClInclude Include="..\src\rendering\renderers\chunkedterrain\ChunkedTerrainNode.h">
      <Filter>rendering\renderers\chunkedterrain</Filter>
    </ClInclude>
    <ClInclude Include="..\src\rendering\renderers\chunkedterrain\ChunkedTerrainRenderer.h">
      <Filter>rendering\renderers\chunkedterrain</Filter>
    </ClInclude>
    <ClInclude Include="..\src\rendering\renderers\chunkedterrain\ChunkedTerrainRenderObj.h">
      <Filter>rendering\renderers\chunkedterrain</Filter>
    </ClInclude>
    <ClInclude Include="..\src\rendering\renderers\chunkedterrain\ChunkedTerrainVertex.h">
      <Filter>rendering\renderers\chunkedterrain</Filter>
    </ClInclude>
    <ClInclude Include="..\src\rendering\renderers\chunkedterrain\GPUTextureArrayBuffer.h">
      <Filter>rendering\renderers\chunkedterrain</Filter>
    </ClInclude>
    <ClInclude Include="..\src\rendering\renderers\chunkedterrain\GPUTile.h">
      <Filter>rendering\renderers\chunkedterrain</Filter>
    </ClInclude>
    <ClInclude Include="..\src\rendering\renderers\chunkedterrain\LRUTileCache.h">
      <Filter>rendering\renderers\chunkedterrain</Filter>
    </ClInclude>
    <ClInclude Include="..\src\rendering\renderers\chunkedterrain\Tile.h">
      <Filter>rendering\renderers\chunkedterrain</Filter>
    </ClInclude>
    <ClInclude Include="..\src\utilities\Callback.h">
      <Filter>utilities</Filter>
    </ClInclude>
    <ClInclude Include="..\src\utilities\Config.h">
      <Filter>utilities</Filter>
    </ClInclude>
    <ClInclude Include="..\src\utilities\ConsoleCommands.h">
      <Filter>utilities</Filter>
    </ClInclude>
    <ClInclude Include="..\src\utilities\File.h">
      <Filter>utilities</Filter>
    </ClInclude>
    <ClInclude Include="..\src\utilities\IniParser.h">
      <Filter>utilities</Filter>
    </ClInclude>
    <ClInclude Include="..\src\utilities\Log.h">
      <Filter>utilities</Filter>
    </ClInclude>
    <ClInclude Include="..\src\App.h" />
    <ClInclude Include="..\src\Application.h" />
    <ClInclude Include="..\src\BoundingBox.h" />
    <ClInclude Include="..\src\Helpers.h" />
    <ClInclude Include="..\src\IdObj.h" />
    <ClInclude Include="..\src\Image.h" />
    <ClInclude Include="..\src\SimObj.h" />
    <ClInclude Include="..\src\Simulation.h" />
    <ClInclude Include="..\src\ui\ScriptHandler.h">
      <Filter>ui</Filter>
    </ClInclude>
  </ItemGroup>
  <ItemGroup>
    <Image Include="Assets\LockScreenLogo.scale-200.png">
      <Filter>Assets</Filter>
    </Image>
    <Image Include="Assets\SplashScreen.scale-200.png">
      <Filter>Assets</Filter>
    </Image>
    <Image Include="Assets\Square150x150Logo.scale-200.png">
      <Filter>Assets</Filter>
    </Image>
    <Image Include="Assets\Square44x44Logo.scale-200.png">
      <Filter>Assets</Filter>
    </Image>
    <Image Include="Assets\Square44x44Logo.targetsize-24_altform-unplated.png">
      <Filter>Assets</Filter>
    </Image>
    <Image Include="Assets\StoreLogo.png">
      <Filter>Assets</Filter>
    </Image>
    <Image Include="Assets\Wide310x150Logo.scale-200.png">
      <Filter>Assets</Filter>
    </Image>
    <Image Include="Assets\roxas\RoxasHP.png">
      <Filter>Assets</Filter>
    </Image>
  </ItemGroup>
  <ItemGroup>
    <AppxManifest Include="Package.appxmanifest" />
  </ItemGroup>
  <ItemGroup>
    <None Include="planet-uwp_TemporaryKey.pfx" />
    <None Include="planet.ini" />
    <None Include="Assets\roxas\Roxas High Poly.mtl">
      <Filter>Assets</Filter>
    </None>
    <None Include="Assets\roxas\Roxas High Poly.smd">
      <Filter>Assets</Filter>
    </None>
  </ItemGroup>
  <ItemGroup>
    <FxCompile Include="..\src\rendering\shaders\DX11\cursor_ps.hlsl">
      <Filter>rendering\shaders\DX11</Filter>
    </FxCompile>
    <FxCompile Include="..\src\rendering\shaders\DX11\cursor_vs.hlsl">
      <Filter>rendering\shaders\DX11</Filter>
    </FxCompile>
    <FxCompile Include="..\src\rendering\shaders\DX11\diffuse_ps.hlsl">
      <Filter>rendering\shaders\DX11</Filter>
    </FxCompile>
    <FxCompile Include="..\src\rendering\shaders\DX11\diffuse_vs.hlsl">
      <Filter>rendering\shaders\DX11</Filter>
    </FxCompile>
    <FxCompile Include="..\src\rendering\shaders\DX11\diffuse2_ps.hlsl">
      <Filter>rendering\shaders\DX11</Filter>
    </FxCompile>
    <FxCompile Include="..\src\rendering\shaders\DX11\diffuse2_vs.hlsl">
      <Filter>rendering\shaders\DX11</Filter>
    </FxCompile>
    <FxCompile Include="..\src\rendering\shaders\DX11\sky_ps.hlsl">
      <Filter>rendering\shaders\DX11</Filter>
    </FxCompile>
    <FxCompile Include="..\src\rendering\shaders\DX11\sky_vs.hlsl">
      <Filter>rendering\shaders\DX11</Filter>
    </FxCompile>
    <FxCompile Include="..\src\rendering\shaders\DX11\terrain_fs.hlsl">
      <Filter>rendering\shaders\DX11</Filter>
    </FxCompile>
    <FxCompile Include="..\src\rendering\shaders\DX11\terrain_vs.hlsl">
      <Filter>rendering\shaders\DX11</Filter>
    </FxCompile>
    <FxCompile Include="..\src\rendering\shaders\DX11\text_ps.hlsl">
      <Filter>rendering\shaders\DX11</Filter>
    </FxCompile>
    <FxCompile Include="..\src\rendering\shaders\DX11\text_vs.hlsl">
      <Filter>rendering\shaders\DX11</Filter>
    </FxCompile>
    <FxCompile Include="..\src\rendering\shaders\DX11\ui_ps.hlsl">
      <Filter>rendering\shaders\DX11</Filter>
    </FxCompile>
    <FxCompile Include="..\src\rendering\shaders\DX11\ui_vs.hlsl">
      <Filter>rendering\shaders\DX11</Filter>
    </FxCompile>
  </ItemGroup>
  <ItemGroup>
    <Object Include="Assets\sphere.obj">
      <Filter>Assets</Filter>
    </Object>
    <Object Include="Assets\roxas\roxas.obj">
      <Filter>Assets</Filter>
    </Object>
  </ItemGroup>
</Project>