
Microsoft Visual Studio Solution File, Format Version 12.00
# Visual Studio 14
VisualStudioVersion = 14.0.25123.0
MinimumVisualStudioVersion = 10.0.40219.1
Project("{8BC9CEB8-8B4A-11D0-8D11-00A0C91BC942}") = "planet", "planet.vcxproj", "{32A60293-4AF5-43BB-A314-BC8382DFA22B}"
	ProjectSection(ProjectDependencies) = postProject
		{B1907C53-95E8-41D3-881A-C79524721E5A} = {B1907C53-95E8-41D3-881A-C79524721E5A}
		{683E8D87-1499-4AED-9134-B20DB945501B} = {683E8D87-1499-4AED-9134-B20DB945501B}
		{810D51E5-B3C9-4F08-977A-188487C7A248} = {810D51E5-B3C9-4F08-977A-188487C7A248}
	EndProjectSection
EndProject
Project("{2150E333-8FDC-42A3-9474-1A3956D46DE8}") = "externalProjects", "externalProjects", "{B5C0DA3D-131E-4146-A8A4-5C5C69088C92}"
EndProject
Project("{8BC9CEB8-8B4A-11D0-8D11-00A0C91BC942}") = "libnoise-build", "libnoise-build\libnoise-build.vcxproj", "{683E8D87-1499-4AED-9134-B20DB945501B}"
EndProject
Project("{8BC9CEB8-8B4A-11D0-8D11-00A0C91BC942}") = "freetype-build", "freetype-build\freetype-build.vcxproj", "{810D51E5-B3C9-4F08-977A-188487C7A248}"
EndProject
Project("{8BC9CEB8-8B4A-11D0-8D11-00A0C91BC942}") = "xxhash-build", "xxhash-build\xxhash-build.vcxproj", "{B1907C53-95E8-41D3-881A-C79524721E5A}"
EndProject
Project("{8BC9CEB8-8B4A-11D0-8D11-00A0C91BC942}") = "assimp-build", "assimp-build\assimp-build.vcxproj", "{ED5D4D49-77FA-4267-BEC3-51644EF8F1E9}"
EndProject
Global
	GlobalSection(SolutionConfigurationPlatforms) = preSolution
		Debug Multithreaded|Win32 = Debug Multithreaded|Win32
		Debug Multithreaded|x64 = Debug Multithreaded|x64
		Debug Singlethreaded|Win32 = Debug Singlethreaded|Win32
		Debug Singlethreaded|x64 = Debug Singlethreaded|x64
		Debug|Win32 = Debug|Win32
		Debug|x64 = Debug|x64
		Release Multithreaded|Win32 = Release Multithreaded|Win32
		Release Multithreaded|x64 = Release Multithreaded|x64
		Release Singlethreaded|Win32 = Release Singlethreaded|Win32
		Release Singlethreaded|x64 = Release Singlethreaded|x64
		Release|Win32 = Release|Win32
		Release|x64 = Release|x64
	EndGlobalSection
	GlobalSection(ProjectConfigurationPlatforms) = postSolution
		{32A60293-4AF5-43BB-A314-BC8382DFA22B}.Debug Multithreaded|Win32.ActiveCfg = Release|Win32
		{32A60293-4AF5-43BB-A314-BC8382DFA22B}.Debug Multithreaded|Win32.Build.0 = Release|Win32
		{32A60293-4AF5-43BB-A314-BC8382DFA22B}.Debug Multithreaded|x64.ActiveCfg = Release|Win32
		{32A60293-4AF5-43BB-A314-BC8382DFA22B}.Debug Multithreaded|x64.Build.0 = Release|Win32
		{32A60293-4AF5-43BB-A314-BC8382DFA22B}.Debug Singlethreaded|Win32.ActiveCfg = Release|Win32
		{32A60293-4AF5-43BB-A314-BC8382DFA22B}.Debug Singlethreaded|Win32.Build.0 = Release|Win32
		{32A60293-4AF5-43BB-A314-BC8382DFA22B}.Debug Singlethreaded|x64.ActiveCfg = Release|Win32
		{32A60293-4AF5-43BB-A314-BC8382DFA22B}.Debug Singlethreaded|x64.Build.0 = Release|Win32
		{32A60293-4AF5-43BB-A314-BC8382DFA22B}.Debug|Win32.ActiveCfg = Debug|Win32
		{32A60293-4AF5-43BB-A314-BC8382DFA22B}.Debug|Win32.Build.0 = Debug|Win32
		{32A60293-4AF5-43BB-A314-BC8382DFA22B}.Debug|x64.ActiveCfg = Debug|Win32
		{32A60293-4AF5-43BB-A314-BC8382DFA22B}.Debug|x64.Build.0 = Debug|Win32
		{32A60293-4AF5-43BB-A314-BC8382DFA22B}.Release Multithreaded|Win32.ActiveCfg = Release|Win32
		{32A60293-4AF5-43BB-A314-BC8382DFA22B}.Release Multithreaded|Win32.Build.0 = Release|Win32
		{32A60293-4AF5-43BB-A314-BC8382DFA22B}.Release Multithreaded|x64.ActiveCfg = Release|Win32
		{32A60293-4AF5-43BB-A314-BC8382DFA22B}.Release Multithreaded|x64.Build.0 = Release|Win32
		{32A60293-4AF5-43BB-A314-BC8382DFA22B}.Release Singlethreaded|Win32.ActiveCfg = Release|Win32
		{32A60293-4AF5-43BB-A314-BC8382DFA22B}.Release Singlethreaded|Win32.Build.0 = Release|Win32
		{32A60293-4AF5-43BB-A314-BC8382DFA22B}.Release Singlethreaded|x64.ActiveCfg = Release|Win32
		{32A60293-4AF5-43BB-A314-BC8382DFA22B}.Release Singlethreaded|x64.Build.0 = Release|Win32
		{32A60293-4AF5-43BB-A314-BC8382DFA22B}.Release|Win32.ActiveCfg = Release|Win32
		{32A60293-4AF5-43BB-A314-BC8382DFA22B}.Release|Win32.Build.0 = Release|Win32
		{32A60293-4AF5-43BB-A314-BC8382DFA22B}.Release|x64.ActiveCfg = Release|Win32
		{32A60293-4AF5-43BB-A314-BC8382DFA22B}.Release|x64.Build.0 = Release|Win32
		{683E8D87-1499-4AED-9134-B20DB945501B}.Debug Multithreaded|Win32.ActiveCfg = Release|Win32
		{683E8D87-1499-4AED-9134-B20DB945501B}.Debug Multithreaded|x64.ActiveCfg = Release|x64
		{683E8D87-1499-4AED-9134-B20DB945501B}.Debug Singlethreaded|Win32.ActiveCfg = Release|Win32
		{683E8D87-1499-4AED-9134-B20DB945501B}.Debug Singlethreaded|x64.ActiveCfg = Release|x64
		{683E8D87-1499-4AED-9134-B20DB945501B}.Debug|Win32.ActiveCfg = Debug|Win32
		{683E8D87-1499-4AED-9134-B20DB945501B}.Debug|x64.ActiveCfg = Debug|x64
		{683E8D87-1499-4AED-9134-B20DB945501B}.Release Multithreaded|Win32.ActiveCfg = Release|Win32
		{683E8D87-1499-4AED-9134-B20DB945501B}.Release Multithreaded|x64.ActiveCfg = Release|x64
		{683E8D87-1499-4AED-9134-B20DB945501B}.Release Singlethreaded|Win32.ActiveCfg = Release|Win32
		{683E8D87-1499-4AED-9134-B20DB945501B}.Release Singlethreaded|x64.ActiveCfg = Release|x64
		{683E8D87-1499-4AED-9134-B20DB945501B}.Release|Win32.ActiveCfg = Release|Win32
		{683E8D87-1499-4AED-9134-B20DB945501B}.Release|x64.ActiveCfg = Release|x64
		{810D51E5-B3C9-4F08-977A-188487C7A248}.Debug Multithreaded|Win32.ActiveCfg = Release|Win32
		{810D51E5-B3C9-4F08-977A-188487C7A248}.Debug Multithreaded|x64.ActiveCfg = Release|x64
		{810D51E5-B3C9-4F08-977A-188487C7A248}.Debug Singlethreaded|Win32.ActiveCfg = Release|Win32
		{810D51E5-B3C9-4F08-977A-188487C7A248}.Debug Singlethreaded|x64.ActiveCfg = Release|x64
		{810D51E5-B3C9-4F08-977A-188487C7A248}.Debug|Win32.ActiveCfg = Debug|Win32
		{810D51E5-B3C9-4F08-977A-188487C7A248}.Debug|x64.ActiveCfg = Debug|x64
		{810D51E5-B3C9-4F08-977A-188487C7A248}.Release Multithreaded|Win32.ActiveCfg = Release|Win32
		{810D51E5-B3C9-4F08-977A-188487C7A248}.Release Multithreaded|x64.ActiveCfg = Release|x64
		{810D51E5-B3C9-4F08-977A-188487C7A248}.Release Singlethreaded|Win32.ActiveCfg = Release|Win32
		{810D51E5-B3C9-4F08-977A-188487C7A248}.Release Singlethreaded|x64.ActiveCfg = Release|x64
		{810D51E5-B3C9-4F08-977A-188487C7A248}.Release|Win32.ActiveCfg = Release|Win32
		{810D51E5-B3C9-4F08-977A-188487C7A248}.Release|x64.ActiveCfg = Release|x64
		{B1907C53-95E8-41D3-881A-C79524721E5A}.Debug Multithreaded|Win32.ActiveCfg = Release|Win32
		{B1907C53-95E8-41D3-881A-C79524721E5A}.Debug Multithreaded|x64.ActiveCfg = Release|x64
		{B1907C53-95E8-41D3-881A-C79524721E5A}.Debug Singlethreaded|Win32.ActiveCfg = Release|Win32
		{B1907C53-95E8-41D3-881A-C79524721E5A}.Debug Singlethreaded|x64.ActiveCfg = Release|x64
		{B1907C53-95E8-41D3-881A-C79524721E5A}.Debug|Win32.ActiveCfg = Debug|Win32
		{B1907C53-95E8-41D3-881A-C79524721E5A}.Debug|x64.ActiveCfg = Debug|x64
		{B1907C53-95E8-41D3-881A-C79524721E5A}.Release Multithreaded|Win32.ActiveCfg = Release|Win32
		{B1907C53-95E8-41D3-881A-C79524721E5A}.Release Multithreaded|x64.ActiveCfg = Release|x64
		{B1907C53-95E8-41D3-881A-C79524721E5A}.Release Singlethreaded|Win32.ActiveCfg = Release|Win32
		{B1907C53-95E8-41D3-881A-C79524721E5A}.Release Singlethreaded|x64.ActiveCfg = Release|x64
		{B1907C53-95E8-41D3-881A-C79524721E5A}.Release|Win32.ActiveCfg = Release|Win32
		{B1907C53-95E8-41D3-881A-C79524721E5A}.Release|x64.ActiveCfg = Release|x64
		{ED5D4D49-77FA-4267-BEC3-51644EF8F1E9}.Debug Multithreaded|Win32.ActiveCfg = Release|Win32
		{ED5D4D49-77FA-4267-BEC3-51644EF8F1E9}.Debug Multithreaded|x64.ActiveCfg = Release|x64
		{ED5D4D49-77FA-4267-BEC3-51644EF8F1E9}.Debug Singlethreaded|Win32.ActiveCfg = Release|Win32
		{ED5D4D49-77FA-4267-BEC3-51644EF8F1E9}.Debug Singlethreaded|x64.ActiveCfg = Release|x64
		{ED5D4D49-77FA-4267-BEC3-51644EF8F1E9}.Debug|Win32.ActiveCfg = Debug|Win32
		{ED5D4D49-77FA-4267-BEC3-51644EF8F1E9}.Debug|x64.ActiveCfg = Debug|x64
		{ED5D4D49-77FA-4267-BEC3-51644EF8F1E9}.Release Multithreaded|Win32.ActiveCfg = Release|Win32
		{ED5D4D49-77FA-4267-BEC3-51644EF8F1E9}.Release Multithreaded|x64.ActiveCfg = Release|x64
		{ED5D4D49-77FA-4267-BEC3-51644EF8F1E9}.Release Singlethreaded|Win32.ActiveCfg = Release|Win32
		{ED5D4D49-77FA-4267-BEC3-51644EF8F1E9}.Release Singlethreaded|x64.ActiveCfg = Release|x64
		{ED5D4D49-77FA-4267-BEC3-51644EF8F1E9}.Release|Win32.ActiveCfg = Release|Win32
		{ED5D4D49-77FA-4267-BEC3-51644EF8F1E9}.Release|x64.ActiveCfg = Release|x64
	EndGlobalSection
	GlobalSection(SolutionProperties) = preSolution
		HideSolutionNode = FALSE
	EndGlobalSection
	GlobalSection(NestedProjects) = preSolution
		{683E8D87-1499-4AED-9134-B20DB945501B} = {B5C0DA3D-131E-4146-A8A4-5C5C69088C92}
		{810D51E5-B3C9-4F08-977A-188487C7A248} = {B5C0DA3D-131E-4146-A8A4-5C5C69088C92}
		{B1907C53-95E8-41D3-881A-C79524721E5A} = {B5C0DA3D-131E-4146-A8A4-5C5C69088C92}
		{ED5D4D49-77FA-4267-BEC3-51644EF8F1E9} = {B5C0DA3D-131E-4146-A8A4-5C5C69088C92}
	EndGlobalSection
EndGlobal
