
Microsoft Visual Studio Solution File, Format Version 12.00
# Visual Studio 14
VisualStudioVersion = 14.0.25123.0
MinimumVisualStudioVersion = 10.0.40219.1
Project("{8BC9CEB8-8B4A-11D0-8D11-00A0C91BC942}") = "prebuiltDX11Maker", "prebuiltDX11Maker.vcxproj", "{A65A8978-3432-41C2-B31A-942530C4B4DD}"
	ProjectSection(ProjectDependencies) = postProject
		{B1907C53-95E8-41D3-881A-C79524721E5A} = {B1907C53-95E8-41D3-881A-C79524721E5A}
	EndProjectSection
EndProject
Project("{2150E333-8FDC-42A3-9474-1A3956D46DE8}") = "externalProjects", "externalProjects", "{216001D7-7D8E-4C99-B9EB-5AE084651483}"
EndProject
Project("{8BC9CEB8-8B4A-11D0-8D11-00A0C91BC942}") = "xxhash-build", "..\xxhash-build\xxhash-build.vcxproj", "{B1907C53-95E8-41D3-881A-C79524721E5A}"
EndProject
Global
	GlobalSection(SolutionConfigurationPlatforms) = preSolution
		Debug|x64 = Debug|x64
		Debug|x86 = Debug|x86
		Release|x64 = Release|x64
		Release|x86 = Release|x86
	EndGlobalSection
	GlobalSection(ProjectConfigurationPlatforms) = postSolution
		{A65A8978-3432-41C2-B31A-942530C4B4DD}.Debug|x64.ActiveCfg = Debug|x64
		{A65A8978-3432-41C2-B31A-942530C4B4DD}.Debug|x64.Build.0 = Debug|x64
		{A65A8978-3432-41C2-B31A-942530C4B4DD}.Debug|x86.ActiveCfg = Debug|Win32
		{A65A8978-3432-41C2-B31A-942530C4B4DD}.Debug|x86.Build.0 = Debug|Win32
		{A65A8978-3432-41C2-B31A-942530C4B4DD}.Release|x64.ActiveCfg = Release|x64
		{A65A8978-3432-41C2-B31A-942530C4B4DD}.Release|x64.Build.0 = Release|x64
		{A65A8978-3432-41C2-B31A-942530C4B4DD}.Release|x86.ActiveCfg = Release|Win32
		{A65A8978-3432-41C2-B31A-942530C4B4DD}.Release|x86.Build.0 = Release|Win32
		{B1907C53-95E8-41D3-881A-C79524721E5A}.Debug|x64.ActiveCfg = Debug|x64
		{B1907C53-95E8-41D3-881A-C79524721E5A}.Debug|x64.Build.0 = Debug|x64
		{B1907C53-95E8-41D3-881A-C79524721E5A}.Debug|x86.ActiveCfg = Debug|Win32
		{B1907C53-95E8-41D3-881A-C79524721E5A}.Debug|x86.Build.0 = Debug|Win32
		{B1907C53-95E8-41D3-881A-C79524721E5A}.Release|x64.ActiveCfg = Release|x64
		{B1907C53-95E8-41D3-881A-C79524721E5A}.Release|x64.Build.0 = Release|x64
		{B1907C53-95E8-41D3-881A-C79524721E5A}.Release|x86.ActiveCfg = Release|Win32
		{B1907C53-95E8-41D3-881A-C79524721E5A}.Release|x86.Build.0 = Release|Win32
	EndGlobalSection
	GlobalSection(SolutionProperties) = preSolution
		HideSolutionNode = FALSE
	EndGlobalSection
	GlobalSection(NestedProjects) = preSolution
		{B1907C53-95E8-41D3-881A-C79524721E5A} = {216001D7-7D8E-4C99-B9EB-5AE084651483}
	EndGlobalSection
EndGlobal
